
Microsoft Visual Studio Solution File, Format Version 12.00
# Visual Studio Version 17
VisualStudioVersion = 17.1.32414.318
MinimumVisualStudioVersion = 10.0.40219.1
Project("{9A19103F-16F7-4668-BE54-9A1E7A4F7556}") = "01. Unique Usernames", "01. Unique Usernames\01. Unique Usernames.csproj", "{6BEAEAA8-9190-4C2F-AD00-0A57213A34D8}"
EndProject
Project("{9A19103F-16F7-4668-BE54-9A1E7A4F7556}") = "02. Sets of Elements", "02. Sets of Elements\02. Sets of Elements.csproj", "{DDFDDD13-F644-4001-A8A8-2DB4277CED6B}"
EndProject
Project("{9A19103F-16F7-4668-BE54-9A1E7A4F7556}") = "03. Periodic Table", "03. Periodic Table\03. Periodic Table.csproj", "{611509B1-6EA5-4033-B2D2-D2AD5282AB81}"
EndProject
Project("{9A19103F-16F7-4668-BE54-9A1E7A4F7556}") = "04. Even Times", "04. Even Times\04. Even Times.csproj", "{75EE1F10-358B-46B4-96C9-816B17AFC719}"
EndProject
Project("{9A19103F-16F7-4668-BE54-9A1E7A4F7556}") = "05. Count Symbols", "05. Count Symbols\05. Count Symbols.csproj", "{67700C05-7CAA-46EC-8C99-D86CE5A6CFCB}"
EndProject
Project("{9A19103F-16F7-4668-BE54-9A1E7A4F7556}") = "06. Wardrobe", "06. Wardrobe\06. Wardrobe.csproj", "{6CA11C3E-C388-4501-B863-2F10BE1CA88F}"
EndProject
Project("{9A19103F-16F7-4668-BE54-9A1E7A4F7556}") = "07. The V-Logger", "07. The V-Logger\07. The V-Logger.csproj", "{4FBABC9B-0ED4-4537-B507-F2B396A5924C}"
EndProject
Project("{FAE04EC0-301F-11D3-BF4B-00C04F79EFBC}") = "08. Ranking", "08. Ranking\08. Ranking.csproj", "{A19B9EEF-42F7-4F23-9CF5-21FBE39DC36B}"
EndProject
Project("{FAE04EC0-301F-11D3-BF4B-00C04F79EFBC}") = "09. SoftUni Exam Results", "09. SoftUni Exam Results\09. SoftUni Exam Results.csproj", "{E4AE38C2-3471-4EC0-AE9F-91D82103F7FA}"
EndProject
Project("{FAE04EC0-301F-11D3-BF4B-00C04F79EFBC}") = "10. ForceBook", "10. ForceBook\10. ForceBook.csproj", "{6BFEF8B5-7D8A-4ECA-93F9-CAA35E5E79C6}"
EndProject
Global
	GlobalSection(SolutionConfigurationPlatforms) = preSolution
		Debug|Any CPU = Debug|Any CPU
		Release|Any CPU = Release|Any CPU
	EndGlobalSection
	GlobalSection(ProjectConfigurationPlatforms) = postSolution
		{6BEAEAA8-9190-4C2F-AD00-0A57213A34D8}.Debug|Any CPU.ActiveCfg = Debug|Any CPU
		{6BEAEAA8-9190-4C2F-AD00-0A57213A34D8}.Debug|Any CPU.Build.0 = Debug|Any CPU
		{6BEAEAA8-9190-4C2F-AD00-0A57213A34D8}.Release|Any CPU.ActiveCfg = Release|Any CPU
		{6BEAEAA8-9190-4C2F-AD00-0A57213A34D8}.Release|Any CPU.Build.0 = Release|Any CPU
		{DDFDDD13-F644-4001-A8A8-2DB4277CED6B}.Debug|Any CPU.ActiveCfg = Debug|Any CPU
		{DDFDDD13-F644-4001-A8A8-2DB4277CED6B}.Debug|Any CPU.Build.0 = Debug|Any CPU
		{DDFDDD13-F644-4001-A8A8-2DB4277CED6B}.Release|Any CPU.ActiveCfg = Release|Any CPU
		{DDFDDD13-F644-4001-A8A8-2DB4277CED6B}.Release|Any CPU.Build.0 = Release|Any CPU
		{611509B1-6EA5-4033-B2D2-D2AD5282AB81}.Debug|Any CPU.ActiveCfg = Debug|Any CPU
		{611509B1-6EA5-4033-B2D2-D2AD5282AB81}.Debug|Any CPU.Build.0 = Debug|Any CPU
		{611509B1-6EA5-4033-B2D2-D2AD5282AB81}.Release|Any CPU.ActiveCfg = Release|Any CPU
		{611509B1-6EA5-4033-B2D2-D2AD5282AB81}.Release|Any CPU.Build.0 = Release|Any CPU
		{75EE1F10-358B-46B4-96C9-816B17AFC719}.Debug|Any CPU.ActiveCfg = Debug|Any CPU
		{75EE1F10-358B-46B4-96C9-816B17AFC719}.Debug|Any CPU.Build.0 = Debug|Any CPU
		{75EE1F10-358B-46B4-96C9-816B17AFC719}.Release|Any CPU.ActiveCfg = Release|Any CPU
		{75EE1F10-358B-46B4-96C9-816B17AFC719}.Release|Any CPU.Build.0 = Release|Any CPU
		{67700C05-7CAA-46EC-8C99-D86CE5A6CFCB}.Debug|Any CPU.ActiveCfg = Debug|Any CPU
		{67700C05-7CAA-46EC-8C99-D86CE5A6CFCB}.Debug|Any CPU.Build.0 = Debug|Any CPU
		{67700C05-7CAA-46EC-8C99-D86CE5A6CFCB}.Release|Any CPU.ActiveCfg = Release|Any CPU
		{67700C05-7CAA-46EC-8C99-D86CE5A6CFCB}.Release|Any CPU.Build.0 = Release|Any CPU
		{6CA11C3E-C388-4501-B863-2F10BE1CA88F}.Debug|Any CPU.ActiveCfg = Debug|Any CPU
		{6CA11C3E-C388-4501-B863-2F10BE1CA88F}.Debug|Any CPU.Build.0 = Debug|Any CPU
		{6CA11C3E-C388-4501-B863-2F10BE1CA88F}.Release|Any CPU.ActiveCfg = Release|Any CPU
		{6CA11C3E-C388-4501-B863-2F10BE1CA88F}.Release|Any CPU.Build.0 = Release|Any CPU
		{4FBABC9B-0ED4-4537-B507-F2B396A5924C}.Debug|Any CPU.ActiveCfg = Debug|Any CPU
		{4FBABC9B-0ED4-4537-B507-F2B396A5924C}.Debug|Any CPU.Build.0 = Debug|Any CPU
		{4FBABC9B-0ED4-4537-B507-F2B396A5924C}.Release|Any CPU.ActiveCfg = Release|Any CPU
		{4FBABC9B-0ED4-4537-B507-F2B396A5924C}.Release|Any CPU.Build.0 = Release|Any CPU
		{A19B9EEF-42F7-4F23-9CF5-21FBE39DC36B}.Debug|Any CPU.ActiveCfg = Debug|Any CPU
		{A19B9EEF-42F7-4F23-9CF5-21FBE39DC36B}.Debug|Any CPU.Build.0 = Debug|Any CPU
		{A19B9EEF-42F7-4F23-9CF5-21FBE39DC36B}.Release|Any CPU.ActiveCfg = Release|Any CPU
		{A19B9EEF-42F7-4F23-9CF5-21FBE39DC36B}.Release|Any CPU.Build.0 = Release|Any CPU
		{E4AE38C2-3471-4EC0-AE9F-91D82103F7FA}.Debug|Any CPU.ActiveCfg = Debug|Any CPU
		{E4AE38C2-3471-4EC0-AE9F-91D82103F7FA}.Debug|Any CPU.Build.0 = Debug|Any CPU
		{E4AE38C2-3471-4EC0-AE9F-91D82103F7FA}.Release|Any CPU.ActiveCfg = Release|Any CPU
		{E4AE38C2-3471-4EC0-AE9F-91D82103F7FA}.Release|Any CPU.Build.0 = Release|Any CPU
		{6BFEF8B5-7D8A-4ECA-93F9-CAA35E5E79C6}.Debug|Any CPU.ActiveCfg = Debug|Any CPU
		{6BFEF8B5-7D8A-4ECA-93F9-CAA35E5E79C6}.Debug|Any CPU.Build.0 = Debug|Any CPU
		{6BFEF8B5-7D8A-4ECA-93F9-CAA35E5E79C6}.Release|Any CPU.ActiveCfg = Release|Any CPU
		{6BFEF8B5-7D8A-4ECA-93F9-CAA35E5E79C6}.Release|Any CPU.Build.0 = Release|Any CPU
	EndGlobalSection
	GlobalSection(SolutionProperties) = preSolution
		HideSolutionNode = FALSE
	EndGlobalSection
	GlobalSection(ExtensibilityGlobals) = postSolution
		SolutionGuid = {43F89B9F-781F-4DD1-9D73-E3D749F15543}
	EndGlobalSection
EndGlobal
