
Microsoft Visual Studio Solution File, Format Version 12.00
# Visual Studio Version 17
VisualStudioVersion = 17.1.32414.318
MinimumVisualStudioVersion = 10.0.40219.1
Project("{FAE04EC0-301F-11D3-BF4B-00C04F79EFBC}") = "01. Unique Usernames", "01. Unique Usernames\01. Unique Usernames.csproj", "{6BEAEAA8-9190-4C2F-AD00-0A57213A34D8}"
EndProject
Project("{FAE04EC0-301F-11D3-BF4B-00C04F79EFBC}") = "02. Sets of Elements", "..\..\Sets and Dictionaries Advanced - Exercise\02. Sets of Elements\02. Sets of Elements.csproj", "{5D0B1DC5-9DDF-41F5-843F-6FD435370AD6}"
EndProject
Global
	GlobalSection(SolutionConfigurationPlatforms) = preSolution
		Debug|Any CPU = Debug|Any CPU
		Release|Any CPU = Release|Any CPU
	EndGlobalSection
	GlobalSection(ProjectConfigurationPlatforms) = postSolution
		{6BEAEAA8-9190-4C2F-AD00-0A57213A34D8}.Debug|Any CPU.ActiveCfg = Debug|Any CPU
		{6BEAEAA8-9190-4C2F-AD00-0A57213A34D8}.Debug|Any CPU.Build.0 = Debug|Any CPU
		{6BEAEAA8-9190-4C2F-AD00-0A57213A34D8}.Release|Any CPU.ActiveCfg = Release|Any CPU
		{6BEAEAA8-9190-4C2F-AD00-0A57213A34D8}.Release|Any CPU.Build.0 = Release|Any CPU
		{5D0B1DC5-9DDF-41F5-843F-6FD435370AD6}.Debug|Any CPU.ActiveCfg = Debug|Any CPU
		{5D0B1DC5-9DDF-41F5-843F-6FD435370AD6}.Debug|Any CPU.Build.0 = Debug|Any CPU
		{5D0B1DC5-9DDF-41F5-843F-6FD435370AD6}.Release|Any CPU.ActiveCfg = Release|Any CPU
		{5D0B1DC5-9DDF-41F5-843F-6FD435370AD6}.Release|Any CPU.Build.0 = Release|Any CPU
	EndGlobalSection
	GlobalSection(SolutionProperties) = preSolution
		HideSolutionNode = FALSE
	EndGlobalSection
	GlobalSection(ExtensibilityGlobals) = postSolution
		SolutionGuid = {43F89B9F-781F-4DD1-9D73-E3D749F15543}
	EndGlobalSection
EndGlobal
